// !$*UTF8*$!
{
	archiveVersion = 1;
	classes = {
	};
	objectVersion = 50;
	objects = {

/* Begin PBXBuildFile section */
		8D7B34C88465F5849D19B710 /* libPods-SunXp_InkeTests.a in Frameworks */ = {isa = PBXBuildFile; fileRef = BE19D19CB70E5D2BF3270638 /* libPods-SunXp_InkeTests.a */; };
		9F3D3B28D5336F669C2FA174 /* libPods-SunXp_Inke.a in Frameworks */ = {isa = PBXBuildFile; fileRef = DE0AAD3FDF6D2BBFB850AA47 /* libPods-SunXp_Inke.a */; };
		AA77EDDCD3E660635241A6FB /* libPods-SunXp_InkeUITests.a in Frameworks */ = {isa = PBXBuildFile; fileRef = 5AA4DFA0B38017C5D37296E1 /* libPods-SunXp_InkeUITests.a */; };
		DF47E7D22089EC5E00B116B7 /* MJExtensionConfig.m in Sources */ = {isa = PBXBuildFile; fileRef = DF47E7D12089EC5E00B116B7 /* MJExtensionConfig.m */; };
		DF57ECAD2089CA4500A3461A /* SXPMainTopView.m in Sources */ = {isa = PBXBuildFile; fileRef = DF57ECAC2089CA4500A3461A /* SXPMainTopView.m */; };
		DF57ECB32089D7E500A3461A /* HttpTool.m in Sources */ = {isa = PBXBuildFile; fileRef = DF57ECB22089D7E500A3461A /* HttpTool.m */; };
		DF57ECB62089D7ED00A3461A /* UIImageView+SDWebImage.m in Sources */ = {isa = PBXBuildFile; fileRef = DF57ECB52089D7EC00A3461A /* UIImageView+SDWebImage.m */; };
		DF57ECB92089E04100A3461A /* SXPBaseHandler.m in Sources */ = {isa = PBXBuildFile; fileRef = DF57ECB82089E04100A3461A /* SXPBaseHandler.m */; };
		DF57ECBC2089E12100A3461A /* SXPShowHandler.m in Sources */ = {isa = PBXBuildFile; fileRef = DF57ECBB2089E12100A3461A /* SXPShowHandler.m */; };
		DF57ECBF2089E64F00A3461A /* SXPShow.m in Sources */ = {isa = PBXBuildFile; fileRef = DF57ECBE2089E64F00A3461A /* SXPShow.m */; };
		DF57ECC22089E68A00A3461A /* SXPCreator.m in Sources */ = {isa = PBXBuildFile; fileRef = DF57ECC12089E68A00A3461A /* SXPCreator.m */; };
		DF606D5E2081D5D0005F450B /* Assets.xcassets in Resources */ = {isa = PBXBuildFile; fileRef = DF606D5D2081D5D0005F450B /* Assets.xcassets */; };
		DF606D612081D5D0005F450B /* LaunchScreen.storyboard in Resources */ = {isa = PBXBuildFile; fileRef = DF606D5F2081D5D0005F450B /* LaunchScreen.storyboard */; };
		DF606D642081D5D0005F450B /* main.m in Sources */ = {isa = PBXBuildFile; fileRef = DF606D632081D5D0005F450B /* main.m */; };
		DF689C4C20886D3700A09E2E /* AppDelegate.m in Sources */ = {isa = PBXBuildFile; fileRef = DF689C4B20886D3700A09E2E /* AppDelegate.m */; };
		DF689C4F20886D4800A09E2E /* SXPBaseViewController.m in Sources */ = {isa = PBXBuildFile; fileRef = DF689C4D20886D4800A09E2E /* SXPBaseViewController.m */; };
		DF6BAD322094418800D50A60 /* SXPShowCell.m in Sources */ = {isa = PBXBuildFile; fileRef = DF6BAD302094418800D50A60 /* SXPShowCell.m */; };
		DF6BAD332094418800D50A60 /* SXPShowCell.xib in Resources */ = {isa = PBXBuildFile; fileRef = DF6BAD312094418800D50A60 /* SXPShowCell.xib */; };
		DF6BAD352094603200D50A60 /* IJKMediaFramework.framework in Frameworks */ = {isa = PBXBuildFile; fileRef = DF6BAD342094603200D50A60 /* IJKMediaFramework.framework */; };
		DF6BAD372094605300D50A60 /* AudioToolbox.framework in Frameworks */ = {isa = PBXBuildFile; fileRef = DF6BAD362094605300D50A60 /* AudioToolbox.framework */; };
		DF6BAD392094606100D50A60 /* AVFoundation.framework in Frameworks */ = {isa = PBXBuildFile; fileRef = DF6BAD382094606000D50A60 /* AVFoundation.framework */; };
		DF6BAD3B2094606800D50A60 /* CoreGraphics.framework in Frameworks */ = {isa = PBXBuildFile; fileRef = DF6BAD3A2094606700D50A60 /* CoreGraphics.framework */; };
		DF6BAD3D2094607100D50A60 /* CoreMedia.framework in Frameworks */ = {isa = PBXBuildFile; fileRef = DF6BAD3C2094607100D50A60 /* CoreMedia.framework */; };
		DF6BAD3F2094608C00D50A60 /* CoreVideo.framework in Frameworks */ = {isa = PBXBuildFile; fileRef = DF6BAD3E2094608C00D50A60 /* CoreVideo.framework */; };
		DF6BAD412094609E00D50A60 /* libbz2.tbd in Frameworks */ = {isa = PBXBuildFile; fileRef = DF6BAD402094609E00D50A60 /* libbz2.tbd */; };
		DF6BAD43209460AC00D50A60 /* MediaPlayer.framework in Frameworks */ = {isa = PBXBuildFile; fileRef = DF6BAD42209460AC00D50A60 /* MediaPlayer.framework */; };
		DF6BAD45209460C100D50A60 /* MobileCoreServices.framework in Frameworks */ = {isa = PBXBuildFile; fileRef = DF6BAD44209460C100D50A60 /* MobileCoreServices.framework */; };
		DF6BAD47209460CD00D50A60 /* OpenGLES.framework in Frameworks */ = {isa = PBXBuildFile; fileRef = DF6BAD46209460CC00D50A60 /* OpenGLES.framework */; };
		DF6BAD49209460DB00D50A60 /* QuartzCore.framework in Frameworks */ = {isa = PBXBuildFile; fileRef = DF6BAD48209460DA00D50A60 /* QuartzCore.framework */; };
		DF6BAD4B209460E700D50A60 /* VideoToolbox.framework in Frameworks */ = {isa = PBXBuildFile; fileRef = DF6BAD4A209460E700D50A60 /* VideoToolbox.framework */; };
		DF6BAD4E2094620200D50A60 /* SXPPlayerViewController.m in Sources */ = {isa = PBXBuildFile; fileRef = DF6BAD4D2094620200D50A60 /* SXPPlayerViewController.m */; };
		DF6BAD582094728800D50A60 /* SXPLiveChatViewController.m in Sources */ = {isa = PBXBuildFile; fileRef = DF6BAD562094728800D50A60 /* SXPLiveChatViewController.m */; };
		DF6BAD592094728800D50A60 /* SXPLiveChatViewController.xib in Resources */ = {isa = PBXBuildFile; fileRef = DF6BAD572094728800D50A60 /* SXPLiveChatViewController.xib */; };
		DF94075E2096FB5E0011A268 /* LFLivePreview.m in Sources */ = {isa = PBXBuildFile; fileRef = DF94075D2096FB5D0011A268 /* LFLivePreview.m */; };
		DF950BA720986208005B4335 /* SXPLoginViewController.m in Sources */ = {isa = PBXBuildFile; fileRef = DF950BA520986208005B4335 /* SXPLoginViewController.m */; };
		DF950BA820986208005B4335 /* SXPLoginViewController.xib in Resources */ = {isa = PBXBuildFile; fileRef = DF950BA620986208005B4335 /* SXPLoginViewController.xib */; };
		DF950BBB209871E1005B4335 /* SystemConfiguration.framework in Frameworks */ = {isa = PBXBuildFile; fileRef = DF950BBA209871E1005B4335 /* SystemConfiguration.framework */; };
		DF950BBD209871E9005B4335 /* libc++.tbd in Frameworks */ = {isa = PBXBuildFile; fileRef = DF950BBC209871E9005B4335 /* libc++.tbd */; };
		DF950BBF209871F2005B4335 /* Photos.framework in Frameworks */ = {isa = PBXBuildFile; fileRef = DF950BBE209871F2005B4335 /* Photos.framework */; };
		DF950BC120987203005B4335 /* CoreTelephony.framework in Frameworks */ = {isa = PBXBuildFile; fileRef = DF950BC020987202005B4335 /* CoreTelephony.framework */; };
		DF950BC32098720C005B4335 /* ImageIO.framework in Frameworks */ = {isa = PBXBuildFile; fileRef = DF950BC22098720C005B4335 /* ImageIO.framework */; };
		DF950BC520987224005B4335 /* libsqlite3.tbd in Frameworks */ = {isa = PBXBuildFile; fileRef = DF950BC420987224005B4335 /* libsqlite3.tbd */; };
		DF950BC62098722F005B4335 /* libz.tbd in Frameworks */ = {isa = PBXBuildFile; fileRef = DFCBF31D20971DF4007289C8 /* libz.tbd */; };
		DF950BC82098723B005B4335 /* CoreData.framework in Frameworks */ = {isa = PBXBuildFile; fileRef = DF950BC72098723B005B4335 /* CoreData.framework */; };
		DF950BCD209879EC005B4335 /* SXPMyInfoView.m in Sources */ = {isa = PBXBuildFile; fileRef = DF950BCC209879EC005B4335 /* SXPMyInfoView.m */; };
		DF950BCF209879F8005B4335 /* SXPMyInfoView.xib in Resources */ = {isa = PBXBuildFile; fileRef = DF950BCE209879F8005B4335 /* SXPMyInfoView.xib */; };
		DF950BD22098881A005B4335 /* SXPSetting.m in Sources */ = {isa = PBXBuildFile; fileRef = DF950BD12098881A005B4335 /* SXPSetting.m */; };
		DFB207812088B79700910127 /* SXPLaunchViewController.m in Sources */ = {isa = PBXBuildFile; fileRef = DFB2077F2088B79700910127 /* SXPLaunchViewController.m */; };
		DFB207822088B79700910127 /* SXPLaunchViewController.xib in Resources */ = {isa = PBXBuildFile; fileRef = DFB207802088B79700910127 /* SXPLaunchViewController.xib */; };
		DFB207862088BD0A00910127 /* SXPFollowViewController.m in Sources */ = {isa = PBXBuildFile; fileRef = DFB207842088BD0A00910127 /* SXPFollowViewController.m */; };
		DFB2078B2088BD3400910127 /* SXPHotViewController.m in Sources */ = {isa = PBXBuildFile; fileRef = DFB207892088BD3400910127 /* SXPHotViewController.m */; };
		DFB207902088BD4B00910127 /* SXPNearViewController.m in Sources */ = {isa = PBXBuildFile; fileRef = DFB2078E2088BD4B00910127 /* SXPNearViewController.m */; };
		DFB207912088BD4B00910127 /* SXPNearViewController.xib in Resources */ = {isa = PBXBuildFile; fileRef = DFB2078F2088BD4B00910127 /* SXPNearViewController.xib */; };
		DFDAE7F8208882D3004C0334 /* SXPTabBarViewController.m in Sources */ = {isa = PBXBuildFile; fileRef = DFDAE7F7208882D3004C0334 /* SXPTabBarViewController.m */; };
		DFDAE7FB208882F3004C0334 /* SXPTabBar.m in Sources */ = {isa = PBXBuildFile; fileRef = DFDAE7FA208882F3004C0334 /* SXPTabBar.m */; };
		DFDAE7FF20888A90004C0334 /* SXPMainViewController.m in Sources */ = {isa = PBXBuildFile; fileRef = DFDAE7FD20888A90004C0334 /* SXPMainViewController.m */; };
		DFDAE80020888A90004C0334 /* SXPMainViewController.xib in Resources */ = {isa = PBXBuildFile; fileRef = DFDAE7FE20888A90004C0334 /* SXPMainViewController.xib */; };
		DFDAE80420888AD6004C0334 /* SXPMyViewController.m in Sources */ = {isa = PBXBuildFile; fileRef = DFDAE80220888AD6004C0334 /* SXPMyViewController.m */; };
		DFDAE80520888AD6004C0334 /* SXPMyViewController.xib in Resources */ = {isa = PBXBuildFile; fileRef = DFDAE80320888AD6004C0334 /* SXPMyViewController.xib */; };
		DFDAE80820888BB5004C0334 /* SXPBaseNavigationViewController.m in Sources */ = {isa = PBXBuildFile; fileRef = DFDAE80720888BB5004C0334 /* SXPBaseNavigationViewController.m */; };
		DFE66BA42095855800120B3C /* SXPLocationManager.m in Sources */ = {isa = PBXBuildFile; fileRef = DFE66BA32095855800120B3C /* SXPLocationManager.m */; };
		DFE66BA82095905A00120B3C /* SXPNearLiveCell.m in Sources */ = {isa = PBXBuildFile; fileRef = DFE66BA62095905A00120B3C /* SXPNearLiveCell.m */; };
		DFE66BA92095905A00120B3C /* SXPNearLiveCell.xib in Resources */ = {isa = PBXBuildFile; fileRef = DFE66BA72095905A00120B3C /* SXPNearLiveCell.xib */; };
		DFE66BAC2095A98B00120B3C /* SXPAdvertiseView.m in Sources */ = {isa = PBXBuildFile; fileRef = DFE66BAB2095A98B00120B3C /* SXPAdvertiseView.m */; };
		DFE66BAE2095A99A00120B3C /* SXPAdvertiseView.xib in Resources */ = {isa = PBXBuildFile; fileRef = DFE66BAD2095A99A00120B3C /* SXPAdvertiseView.xib */; };
		DFE66BB12095AF6300120B3C /* SXPCacheHelper.m in Sources */ = {isa = PBXBuildFile; fileRef = DFE66BB02095AF6300120B3C /* SXPCacheHelper.m */; };
/* End PBXBuildFile section */

/* Begin PBXContainerItemProxy section */
		DF606D6A2081D5D0005F450B /* PBXContainerItemProxy */ = {
			isa = PBXContainerItemProxy;
			containerPortal = DF606D4F2081D5CE005F450B /* Project object */;
			proxyType = 1;
			remoteGlobalIDString = DF606D562081D5CE005F450B;
			remoteInfo = SunXp_Inke;
		};
		DF606D752081D5D0005F450B /* PBXContainerItemProxy */ = {
			isa = PBXContainerItemProxy;
			containerPortal = DF606D4F2081D5CE005F450B /* Project object */;
			proxyType = 1;
			remoteGlobalIDString = DF606D562081D5CE005F450B;
			remoteInfo = SunXp_Inke;
		};
/* End PBXContainerItemProxy section */

/* Begin PBXFileReference section */
		1260CDC0EEBB3E3392E232E7 /* Pods-SunXp_InkeUITests.release.xcconfig */ = {isa = PBXFileReference; includeInIndex = 1; lastKnownFileType = text.xcconfig; name = "Pods-SunXp_InkeUITests.release.xcconfig"; path = "Pods/Target Support Files/Pods-SunXp_InkeUITests/Pods-SunXp_InkeUITests.release.xcconfig"; sourceTree = "<group>"; };
		242CDAA72F1A0E85D0A0769C /* Pods-SunXp_InkeUITests.debug.xcconfig */ = {isa = PBXFileReference; includeInIndex = 1; lastKnownFileType = text.xcconfig; name = "Pods-SunXp_InkeUITests.debug.xcconfig"; path = "Pods/Target Support Files/Pods-SunXp_InkeUITests/Pods-SunXp_InkeUITests.debug.xcconfig"; sourceTree = "<group>"; };
		5AA4DFA0B38017C5D37296E1 /* libPods-SunXp_InkeUITests.a */ = {isa = PBXFileReference; explicitFileType = archive.ar; includeInIndex = 0; path = "libPods-SunXp_InkeUITests.a"; sourceTree = BUILT_PRODUCTS_DIR; };
		64CCA68263F83EFD94AD3E90 /* Pods-SunXp_InkeTests.release.xcconfig */ = {isa = PBXFileReference; includeInIndex = 1; lastKnownFileType = text.xcconfig; name = "Pods-SunXp_InkeTests.release.xcconfig"; path = "Pods/Target Support Files/Pods-SunXp_InkeTests/Pods-SunXp_InkeTests.release.xcconfig"; sourceTree = "<group>"; };
		BA6B12C00A8B700187965A37 /* Pods-SunXp_InkeTests.debug.xcconfig */ = {isa = PBXFileReference; includeInIndex = 1; lastKnownFileType = text.xcconfig; name = "Pods-SunXp_InkeTests.debug.xcconfig"; path = "Pods/Target Support Files/Pods-SunXp_InkeTests/Pods-SunXp_InkeTests.debug.xcconfig"; sourceTree = "<group>"; };
		BE19D19CB70E5D2BF3270638 /* libPods-SunXp_InkeTests.a */ = {isa = PBXFileReference; explicitFileType = archive.ar; includeInIndex = 0; path = "libPods-SunXp_InkeTests.a"; sourceTree = BUILT_PRODUCTS_DIR; };
		DE0AAD3FDF6D2BBFB850AA47 /* libPods-SunXp_Inke.a */ = {isa = PBXFileReference; explicitFileType = archive.ar; includeInIndex = 0; path = "libPods-SunXp_Inke.a"; sourceTree = BUILT_PRODUCTS_DIR; };
		DF47E7D02089EC5E00B116B7 /* MJExtensionConfig.h */ = {isa = PBXFileReference; lastKnownFileType = sourcecode.c.h; path = MJExtensionConfig.h; sourceTree = "<group>"; };
		DF47E7D12089EC5E00B116B7 /* MJExtensionConfig.m */ = {isa = PBXFileReference; lastKnownFileType = sourcecode.c.objc; path = MJExtensionConfig.m; sourceTree = "<group>"; };
		DF57ECAB2089CA4500A3461A /* SXPMainTopView.h */ = {isa = PBXFileReference; lastKnownFileType = sourcecode.c.h; path = SXPMainTopView.h; sourceTree = "<group>"; };
		DF57ECAC2089CA4500A3461A /* SXPMainTopView.m */ = {isa = PBXFileReference; lastKnownFileType = sourcecode.c.objc; path = SXPMainTopView.m; sourceTree = "<group>"; };
		DF57ECAE2089D73800A3461A /* APIConfig.h */ = {isa = PBXFileReference; lastKnownFileType = sourcecode.c.h; path = APIConfig.h; sourceTree = "<group>"; };
		DF57ECB12089D7E500A3461A /* HttpTool.h */ = {isa = PBXFileReference; fileEncoding = 4; lastKnownFileType = sourcecode.c.h; path = HttpTool.h; sourceTree = "<group>"; };
		DF57ECB22089D7E500A3461A /* HttpTool.m */ = {isa = PBXFileReference; fileEncoding = 4; lastKnownFileType = sourcecode.c.objc; path = HttpTool.m; sourceTree = "<group>"; };
		DF57ECB42089D7EC00A3461A /* UIImageView+SDWebImage.h */ = {isa = PBXFileReference; fileEncoding = 4; lastKnownFileType = sourcecode.c.h; path = "UIImageView+SDWebImage.h"; sourceTree = "<group>"; };
		DF57ECB52089D7EC00A3461A /* UIImageView+SDWebImage.m */ = {isa = PBXFileReference; fileEncoding = 4; lastKnownFileType = sourcecode.c.objc; path = "UIImageView+SDWebImage.m"; sourceTree = "<group>"; };
		DF57ECB72089E04100A3461A /* SXPBaseHandler.h */ = {isa = PBXFileReference; lastKnownFileType = sourcecode.c.h; path = SXPBaseHandler.h; sourceTree = "<group>"; };
		DF57ECB82089E04100A3461A /* SXPBaseHandler.m */ = {isa = PBXFileReference; lastKnownFileType = sourcecode.c.objc; path = SXPBaseHandler.m; sourceTree = "<group>"; };
		DF57ECBA2089E12100A3461A /* SXPShowHandler.h */ = {isa = PBXFileReference; lastKnownFileType = sourcecode.c.h; path = SXPShowHandler.h; sourceTree = "<group>"; };
		DF57ECBB2089E12100A3461A /* SXPShowHandler.m */ = {isa = PBXFileReference; lastKnownFileType = sourcecode.c.objc; path = SXPShowHandler.m; sourceTree = "<group>"; };
		DF57ECBD2089E64F00A3461A /* SXPShow.h */ = {isa = PBXFileReference; lastKnownFileType = sourcecode.c.h; path = SXPShow.h; sourceTree = "<group>"; };
		DF57ECBE2089E64F00A3461A /* SXPShow.m */ = {isa = PBXFileReference; lastKnownFileType = sourcecode.c.objc; path = SXPShow.m; sourceTree = "<group>"; };
		DF57ECC02089E68A00A3461A /* SXPCreator.h */ = {isa = PBXFileReference; lastKnownFileType = sourcecode.c.h; path = SXPCreator.h; sourceTree = "<group>"; };
		DF57ECC12089E68A00A3461A /* SXPCreator.m */ = {isa = PBXFileReference; lastKnownFileType = sourcecode.c.objc; path = SXPCreator.m; sourceTree = "<group>"; };
		DF606D572081D5CE005F450B /* SunXp_Inke.app */ = {isa = PBXFileReference; explicitFileType = wrapper.application; includeInIndex = 0; path = SunXp_Inke.app; sourceTree = BUILT_PRODUCTS_DIR; };
		DF606D5D2081D5D0005F450B /* Assets.xcassets */ = {isa = PBXFileReference; lastKnownFileType = folder.assetcatalog; path = Assets.xcassets; sourceTree = "<group>"; };
		DF606D602081D5D0005F450B /* Base */ = {isa = PBXFileReference; lastKnownFileType = file.storyboard; name = Base; path = Base.lproj/LaunchScreen.storyboard; sourceTree = "<group>"; };
		DF606D622081D5D0005F450B /* Info.plist */ = {isa = PBXFileReference; lastKnownFileType = text.plist.xml; path = Info.plist; sourceTree = "<group>"; };
		DF606D632081D5D0005F450B /* main.m */ = {isa = PBXFileReference; lastKnownFileType = sourcecode.c.objc; path = main.m; sourceTree = "<group>"; };
		DF606D692081D5D0005F450B /* SunXp_InkeTests.xctest */ = {isa = PBXFileReference; explicitFileType = wrapper.cfbundle; includeInIndex = 0; path = SunXp_InkeTests.xctest; sourceTree = BUILT_PRODUCTS_DIR; };
		DF606D742081D5D0005F450B /* SunXp_InkeUITests.xctest */ = {isa = PBXFileReference; explicitFileType = wrapper.cfbundle; includeInIndex = 0; path = SunXp_InkeUITests.xctest; sourceTree = BUILT_PRODUCTS_DIR; };
		DF689C4A20886D3700A09E2E /* AppDelegate.h */ = {isa = PBXFileReference; fileEncoding = 4; lastKnownFileType = sourcecode.c.h; path = AppDelegate.h; sourceTree = "<group>"; };
		DF689C4B20886D3700A09E2E /* AppDelegate.m */ = {isa = PBXFileReference; fileEncoding = 4; lastKnownFileType = sourcecode.c.objc; path = AppDelegate.m; sourceTree = "<group>"; };
		DF689C4D20886D4800A09E2E /* SXPBaseViewController.m */ = {isa = PBXFileReference; fileEncoding = 4; lastKnownFileType = sourcecode.c.objc; path = SXPBaseViewController.m; sourceTree = "<group>"; };
		DF689C4E20886D4800A09E2E /* SXPBaseViewController.h */ = {isa = PBXFileReference; fileEncoding = 4; lastKnownFileType = sourcecode.c.h; path = SXPBaseViewController.h; sourceTree = "<group>"; };
		DF689C502088778D00A09E2E /* SunXp_Inke.pch */ = {isa = PBXFileReference; lastKnownFileType = sourcecode.c.h; path = SunXp_Inke.pch; sourceTree = "<group>"; };
		DF6BAD2F2094418800D50A60 /* SXPShowCell.h */ = {isa = PBXFileReference; lastKnownFileType = sourcecode.c.h; path = SXPShowCell.h; sourceTree = "<group>"; };
		DF6BAD302094418800D50A60 /* SXPShowCell.m */ = {isa = PBXFileReference; lastKnownFileType = sourcecode.c.objc; path = SXPShowCell.m; sourceTree = "<group>"; };
		DF6BAD312094418800D50A60 /* SXPShowCell.xib */ = {isa = PBXFileReference; lastKnownFileType = file.xib; path = SXPShowCell.xib; sourceTree = "<group>"; };
		DF6BAD342094603200D50A60 /* IJKMediaFramework.framework */ = {isa = PBXFileReference; lastKnownFileType = wrapper.framework; path = IJKMediaFramework.framework; sourceTree = "<group>"; };
		DF6BAD362094605300D50A60 /* AudioToolbox.framework */ = {isa = PBXFileReference; lastKnownFileType = wrapper.framework; name = AudioToolbox.framework; path = System/Library/Frameworks/AudioToolbox.framework; sourceTree = SDKROOT; };
		DF6BAD382094606000D50A60 /* AVFoundation.framework */ = {isa = PBXFileReference; lastKnownFileType = wrapper.framework; name = AVFoundation.framework; path = System/Library/Frameworks/AVFoundation.framework; sourceTree = SDKROOT; };
		DF6BAD3A2094606700D50A60 /* CoreGraphics.framework */ = {isa = PBXFileReference; lastKnownFileType = wrapper.framework; name = CoreGraphics.framework; path = System/Library/Frameworks/CoreGraphics.framework; sourceTree = SDKROOT; };
		DF6BAD3C2094607100D50A60 /* CoreMedia.framework */ = {isa = PBXFileReference; lastKnownFileType = wrapper.framework; name = CoreMedia.framework; path = System/Library/Frameworks/CoreMedia.framework; sourceTree = SDKROOT; };
		DF6BAD3E2094608C00D50A60 /* CoreVideo.framework */ = {isa = PBXFileReference; lastKnownFileType = wrapper.framework; name = CoreVideo.framework; path = System/Library/Frameworks/CoreVideo.framework; sourceTree = SDKROOT; };
		DF6BAD402094609E00D50A60 /* libbz2.tbd */ = {isa = PBXFileReference; lastKnownFileType = "sourcecode.text-based-dylib-definition"; name = libbz2.tbd; path = usr/lib/libbz2.tbd; sourceTree = SDKROOT; };
		DF6BAD42209460AC00D50A60 /* MediaPlayer.framework */ = {isa = PBXFileReference; lastKnownFileType = wrapper.framework; name = MediaPlayer.framework; path = System/Library/Frameworks/MediaPlayer.framework; sourceTree = SDKROOT; };
		DF6BAD44209460C100D50A60 /* MobileCoreServices.framework */ = {isa = PBXFileReference; lastKnownFileType = wrapper.framework; name = MobileCoreServices.framework; path = System/Library/Frameworks/MobileCoreServices.framework; sourceTree = SDKROOT; };
		DF6BAD46209460CC00D50A60 /* OpenGLES.framework */ = {isa = PBXFileReference; lastKnownFileType = wrapper.framework; name = OpenGLES.framework; path = System/Library/Frameworks/OpenGLES.framework; sourceTree = SDKROOT; };
		DF6BAD48209460DA00D50A60 /* QuartzCore.framework */ = {isa = PBXFileReference; lastKnownFileType = wrapper.framework; name = QuartzCore.framework; path = System/Library/Frameworks/QuartzCore.framework; sourceTree = SDKROOT; };
		DF6BAD4A209460E700D50A60 /* VideoToolbox.framework */ = {isa = PBXFileReference; lastKnownFileType = wrapper.framework; name = VideoToolbox.framework; path = System/Library/Frameworks/VideoToolbox.framework; sourceTree = SDKROOT; };
		DF6BAD4C2094620200D50A60 /* SXPPlayerViewController.h */ = {isa = PBXFileReference; lastKnownFileType = sourcecode.c.h; path = SXPPlayerViewController.h; sourceTree = "<group>"; };
		DF6BAD4D2094620200D50A60 /* SXPPlayerViewController.m */ = {isa = PBXFileReference; lastKnownFileType = sourcecode.c.objc; path = SXPPlayerViewController.m; sourceTree = "<group>"; };
		DF6BAD552094728800D50A60 /* SXPLiveChatViewController.h */ = {isa = PBXFileReference; lastKnownFileType = sourcecode.c.h; path = SXPLiveChatViewController.h; sourceTree = "<group>"; };
		DF6BAD562094728800D50A60 /* SXPLiveChatViewController.m */ = {isa = PBXFileReference; lastKnownFileType = sourcecode.c.objc; path = SXPLiveChatViewController.m; sourceTree = "<group>"; };
		DF6BAD572094728800D50A60 /* SXPLiveChatViewController.xib */ = {isa = PBXFileReference; lastKnownFileType = file.xib; path = SXPLiveChatViewController.xib; sourceTree = "<group>"; };
		DF94075C2096FB5D0011A268 /* LFLivePreview.h */ = {isa = PBXFileReference; fileEncoding = 4; lastKnownFileType = sourcecode.c.h; path = LFLivePreview.h; sourceTree = "<group>"; };
		DF94075D2096FB5D0011A268 /* LFLivePreview.m */ = {isa = PBXFileReference; fileEncoding = 4; lastKnownFileType = sourcecode.c.objc; path = LFLivePreview.m; sourceTree = "<group>"; };
		DF950BA420986208005B4335 /* SXPLoginViewController.h */ = {isa = PBXFileReference; lastKnownFileType = sourcecode.c.h; path = SXPLoginViewController.h; sourceTree = "<group>"; };
		DF950BA520986208005B4335 /* SXPLoginViewController.m */ = {isa = PBXFileReference; lastKnownFileType = sourcecode.c.objc; path = SXPLoginViewController.m; sourceTree = "<group>"; };
		DF950BA620986208005B4335 /* SXPLoginViewController.xib */ = {isa = PBXFileReference; lastKnownFileType = file.xib; path = SXPLoginViewController.xib; sourceTree = "<group>"; };
		DF950BBA209871E1005B4335 /* SystemConfiguration.framework */ = {isa = PBXFileReference; lastKnownFileType = wrapper.framework; name = SystemConfiguration.framework; path = System/Library/Frameworks/SystemConfiguration.framework; sourceTree = SDKROOT; };
		DF950BBC209871E9005B4335 /* libc++.tbd */ = {isa = PBXFileReference; lastKnownFileType = "sourcecode.text-based-dylib-definition"; name = "libc++.tbd"; path = "usr/lib/libc++.tbd"; sourceTree = SDKROOT; };
		DF950BBE209871F2005B4335 /* Photos.framework */ = {isa = PBXFileReference; lastKnownFileType = wrapper.framework; name = Photos.framework; path = System/Library/Frameworks/Photos.framework; sourceTree = SDKROOT; };
		DF950BC020987202005B4335 /* CoreTelephony.framework */ = {isa = PBXFileReference; lastKnownFileType = wrapper.framework; name = CoreTelephony.framework; path = System/Library/Frameworks/CoreTelephony.framework; sourceTree = SDKROOT; };
		DF950BC22098720C005B4335 /* ImageIO.framework */ = {isa = PBXFileReference; lastKnownFileType = wrapper.framework; name = ImageIO.framework; path = System/Library/Frameworks/ImageIO.framework; sourceTree = SDKROOT; };
		DF950BC420987224005B4335 /* libsqlite3.tbd */ = {isa = PBXFileReference; lastKnownFileType = "sourcecode.text-based-dylib-definition"; name = libsqlite3.tbd; path = usr/lib/libsqlite3.tbd; sourceTree = SDKROOT; };
		DF950BC72098723B005B4335 /* CoreData.framework */ = {isa = PBXFileReference; lastKnownFileType = wrapper.framework; name = CoreData.framework; path = System/Library/Frameworks/CoreData.framework; sourceTree = SDKROOT; };
		DF950BC92098724A005B4335 /* MessageUI.framework */ = {isa = PBXFileReference; lastKnownFileType = wrapper.framework; name = MessageUI.framework; path = System/Library/Frameworks/MessageUI.framework; sourceTree = SDKROOT; };
		DF950BCB209879EC005B4335 /* SXPMyInfoView.h */ = {isa = PBXFileReference; lastKnownFileType = sourcecode.c.h; path = SXPMyInfoView.h; sourceTree = "<group>"; };
		DF950BCC209879EC005B4335 /* SXPMyInfoView.m */ = {isa = PBXFileReference; lastKnownFileType = sourcecode.c.objc; path = SXPMyInfoView.m; sourceTree = "<group>"; };
		DF950BCE209879F8005B4335 /* SXPMyInfoView.xib */ = {isa = PBXFileReference; lastKnownFileType = file.xib; path = SXPMyInfoView.xib; sourceTree = "<group>"; };
		DF950BD02098881A005B4335 /* SXPSetting.h */ = {isa = PBXFileReference; lastKnownFileType = sourcecode.c.h; path = SXPSetting.h; sourceTree = "<group>"; };
		DF950BD12098881A005B4335 /* SXPSetting.m */ = {isa = PBXFileReference; lastKnownFileType = sourcecode.c.objc; path = SXPSetting.m; sourceTree = "<group>"; };
		DFB2077E2088B79700910127 /* SXPLaunchViewController.h */ = {isa = PBXFileReference; lastKnownFileType = sourcecode.c.h; path = SXPLaunchViewController.h; sourceTree = "<group>"; };
		DFB2077F2088B79700910127 /* SXPLaunchViewController.m */ = {isa = PBXFileReference; lastKnownFileType = sourcecode.c.objc; path = SXPLaunchViewController.m; sourceTree = "<group>"; };
		DFB207802088B79700910127 /* SXPLaunchViewController.xib */ = {isa = PBXFileReference; lastKnownFileType = file.xib; path = SXPLaunchViewController.xib; sourceTree = "<group>"; };
		DFB207832088BD0A00910127 /* SXPFollowViewController.h */ = {isa = PBXFileReference; lastKnownFileType = sourcecode.c.h; path = SXPFollowViewController.h; sourceTree = "<group>"; };
		DFB207842088BD0A00910127 /* SXPFollowViewController.m */ = {isa = PBXFileReference; lastKnownFileType = sourcecode.c.objc; path = SXPFollowViewController.m; sourceTree = "<group>"; };
		DFB207882088BD3400910127 /* SXPHotViewController.h */ = {isa = PBXFileReference; lastKnownFileType = sourcecode.c.h; path = SXPHotViewController.h; sourceTree = "<group>"; };
		DFB207892088BD3400910127 /* SXPHotViewController.m */ = {isa = PBXFileReference; lastKnownFileType = sourcecode.c.objc; path = SXPHotViewController.m; sourceTree = "<group>"; };
		DFB2078D2088BD4B00910127 /* SXPNearViewController.h */ = {isa = PBXFileReference; lastKnownFileType = sourcecode.c.h; path = SXPNearViewController.h; sourceTree = "<group>"; };
		DFB2078E2088BD4B00910127 /* SXPNearViewController.m */ = {isa = PBXFileReference; lastKnownFileType = sourcecode.c.objc; path = SXPNearViewController.m; sourceTree = "<group>"; };
		DFB2078F2088BD4B00910127 /* SXPNearViewController.xib */ = {isa = PBXFileReference; lastKnownFileType = file.xib; path = SXPNearViewController.xib; sourceTree = "<group>"; };
		DFCBF31D20971DF4007289C8 /* libz.tbd */ = {isa = PBXFileReference; lastKnownFileType = "sourcecode.text-based-dylib-definition"; name = libz.tbd; path = usr/lib/libz.tbd; sourceTree = SDKROOT; };
		DFCBF31F20971E02007289C8 /* libstdc++.tbd */ = {isa = PBXFileReference; lastKnownFileType = "sourcecode.text-based-dylib-definition"; name = "libstdc++.tbd"; path = "usr/lib/libstdc++.tbd"; sourceTree = SDKROOT; };
		DFDAE7F52088817B004C0334 /* SXPMacros.h */ = {isa = PBXFileReference; lastKnownFileType = sourcecode.c.h; path = SXPMacros.h; sourceTree = "<group>"; };
		DFDAE7F6208882D3004C0334 /* SXPTabBarViewController.h */ = {isa = PBXFileReference; lastKnownFileType = sourcecode.c.h; path = SXPTabBarViewController.h; sourceTree = "<group>"; };
		DFDAE7F7208882D3004C0334 /* SXPTabBarViewController.m */ = {isa = PBXFileReference; lastKnownFileType = sourcecode.c.objc; path = SXPTabBarViewController.m; sourceTree = "<group>"; };
		DFDAE7F9208882F3004C0334 /* SXPTabBar.h */ = {isa = PBXFileReference; lastKnownFileType = sourcecode.c.h; path = SXPTabBar.h; sourceTree = "<group>"; };
		DFDAE7FA208882F3004C0334 /* SXPTabBar.m */ = {isa = PBXFileReference; lastKnownFileType = sourcecode.c.objc; path = SXPTabBar.m; sourceTree = "<group>"; };
		DFDAE7FC20888A90004C0334 /* SXPMainViewController.h */ = {isa = PBXFileReference; lastKnownFileType = sourcecode.c.h; path = SXPMainViewController.h; sourceTree = "<group>"; };
		DFDAE7FD20888A90004C0334 /* SXPMainViewController.m */ = {isa = PBXFileReference; lastKnownFileType = sourcecode.c.objc; path = SXPMainViewController.m; sourceTree = "<group>"; };
		DFDAE7FE20888A90004C0334 /* SXPMainViewController.xib */ = {isa = PBXFileReference; lastKnownFileType = file.xib; path = SXPMainViewController.xib; sourceTree = "<group>"; };
		DFDAE80120888AD6004C0334 /* SXPMyViewController.h */ = {isa = PBXFileReference; lastKnownFileType = sourcecode.c.h; path = SXPMyViewController.h; sourceTree = "<group>"; };
		DFDAE80220888AD6004C0334 /* SXPMyViewController.m */ = {isa = PBXFileReference; lastKnownFileType = sourcecode.c.objc; path = SXPMyViewController.m; sourceTree = "<group>"; };
		DFDAE80320888AD6004C0334 /* SXPMyViewController.xib */ = {isa = PBXFileReference; lastKnownFileType = file.xib; path = SXPMyViewController.xib; sourceTree = "<group>"; };
		DFDAE80620888BB5004C0334 /* SXPBaseNavigationViewController.h */ = {isa = PBXFileReference; lastKnownFileType = sourcecode.c.h; path = SXPBaseNavigationViewController.h; sourceTree = "<group>"; };
		DFDAE80720888BB5004C0334 /* SXPBaseNavigationViewController.m */ = {isa = PBXFileReference; lastKnownFileType = sourcecode.c.objc; path = SXPBaseNavigationViewController.m; sourceTree = "<group>"; };
		DFE66BA22095855800120B3C /* SXPLocationManager.h */ = {isa = PBXFileReference; lastKnownFileType = sourcecode.c.h; path = SXPLocationManager.h; sourceTree = "<group>"; };
		DFE66BA32095855800120B3C /* SXPLocationManager.m */ = {isa = PBXFileReference; lastKnownFileType = sourcecode.c.objc; path = SXPLocationManager.m; sourceTree = "<group>"; };
		DFE66BA52095905A00120B3C /* SXPNearLiveCell.h */ = {isa = PBXFileReference; lastKnownFileType = sourcecode.c.h; path = SXPNearLiveCell.h; sourceTree = "<group>"; };
		DFE66BA62095905A00120B3C /* SXPNearLiveCell.m */ = {isa = PBXFileReference; lastKnownFileType = sourcecode.c.objc; path = SXPNearLiveCell.m; sourceTree = "<group>"; };
		DFE66BA72095905A00120B3C /* SXPNearLiveCell.xib */ = {isa = PBXFileReference; lastKnownFileType = file.xib; path = SXPNearLiveCell.xib; sourceTree = "<group>"; };
		DFE66BAA2095A98B00120B3C /* SXPAdvertiseView.h */ = {isa = PBXFileReference; lastKnownFileType = sourcecode.c.h; path = SXPAdvertiseView.h; sourceTree = "<group>"; };
		DFE66BAB2095A98B00120B3C /* SXPAdvertiseView.m */ = {isa = PBXFileReference; lastKnownFileType = sourcecode.c.objc; path = SXPAdvertiseView.m; sourceTree = "<group>"; };
		DFE66BAD2095A99A00120B3C /* SXPAdvertiseView.xib */ = {isa = PBXFileReference; lastKnownFileType = file.xib; path = SXPAdvertiseView.xib; sourceTree = "<group>"; };
		DFE66BAF2095AF6300120B3C /* SXPCacheHelper.h */ = {isa = PBXFileReference; lastKnownFileType = sourcecode.c.h; path = SXPCacheHelper.h; sourceTree = "<group>"; };
		DFE66BB02095AF6300120B3C /* SXPCacheHelper.m */ = {isa = PBXFileReference; lastKnownFileType = sourcecode.c.objc; path = SXPCacheHelper.m; sourceTree = "<group>"; };
		EA9B87BA48BC56145B86948D /* Pods-SunXp_Inke.debug.xcconfig */ = {isa = PBXFileReference; includeInIndex = 1; lastKnownFileType = text.xcconfig; name = "Pods-SunXp_Inke.debug.xcconfig"; path = "Pods/Target Support Files/Pods-SunXp_Inke/Pods-SunXp_Inke.debug.xcconfig"; sourceTree = "<group>"; };
		F364DEEAE41368CC5151D13F /* Pods-SunXp_Inke.release.xcconfig */ = {isa = PBXFileReference; includeInIndex = 1; lastKnownFileType = text.xcconfig; name = "Pods-SunXp_Inke.release.xcconfig"; path = "Pods/Target Support Files/Pods-SunXp_Inke/Pods-SunXp_Inke.release.xcconfig"; sourceTree = "<group>"; };
/* End PBXFileReference section */

/* Begin PBXFrameworksBuildPhase section */
		DF606D542081D5CE005F450B /* Frameworks */ = {
			isa = PBXFrameworksBuildPhase;
			buildActionMask = 2147483647;
			files = (
				DF950BC82098723B005B4335 /* CoreData.framework in Frameworks */,
				DF950BC62098722F005B4335 /* libz.tbd in Frameworks */,
				DF950BC520987224005B4335 /* libsqlite3.tbd in Frameworks */,
				DF950BC32098720C005B4335 /* ImageIO.framework in Frameworks */,
				DF950BC120987203005B4335 /* CoreTelephony.framework in Frameworks */,
				DF950BBF209871F2005B4335 /* Photos.framework in Frameworks */,
				DF950BBD209871E9005B4335 /* libc++.tbd in Frameworks */,
				DF950BBB209871E1005B4335 /* SystemConfiguration.framework in Frameworks */,
				DF6BAD4B209460E700D50A60 /* VideoToolbox.framework in Frameworks */,
				DF6BAD49209460DB00D50A60 /* QuartzCore.framework in Frameworks */,
				DF6BAD47209460CD00D50A60 /* OpenGLES.framework in Frameworks */,
				DF6BAD45209460C100D50A60 /* MobileCoreServices.framework in Frameworks */,
				DF6BAD43209460AC00D50A60 /* MediaPlayer.framework in Frameworks */,
				DF6BAD412094609E00D50A60 /* libbz2.tbd in Frameworks */,
				DF6BAD3F2094608C00D50A60 /* CoreVideo.framework in Frameworks */,
				DF6BAD3D2094607100D50A60 /* CoreMedia.framework in Frameworks */,
				DF6BAD3B2094606800D50A60 /* CoreGraphics.framework in Frameworks */,
				DF6BAD392094606100D50A60 /* AVFoundation.framework in Frameworks */,
				DF6BAD372094605300D50A60 /* AudioToolbox.framework in Frameworks */,
				9F3D3B28D5336F669C2FA174 /* libPods-SunXp_Inke.a in Frameworks */,
				DF6BAD352094603200D50A60 /* IJKMediaFramework.framework in Frameworks */,
			);
			runOnlyForDeploymentPostprocessing = 0;
		};
		DF606D662081D5D0005F450B /* Frameworks */ = {
			isa = PBXFrameworksBuildPhase;
			buildActionMask = 2147483647;
			files = (
				8D7B34C88465F5849D19B710 /* libPods-SunXp_InkeTests.a in Frameworks */,
			);
			runOnlyForDeploymentPostprocessing = 0;
		};
		DF606D712081D5D0005F450B /* Frameworks */ = {
			isa = PBXFrameworksBuildPhase;
			buildActionMask = 2147483647;
			files = (
				AA77EDDCD3E660635241A6FB /* libPods-SunXp_InkeUITests.a in Frameworks */,
			);
			runOnlyForDeploymentPostprocessing = 0;
		};
/* End PBXFrameworksBuildPhase section */

/* Begin PBXGroup section */
		56BB8CB44F65AED18B7A915E /* Frameworks */ = {
			isa = PBXGroup;
			children = (
				DF950BC92098724A005B4335 /* MessageUI.framework */,
				DF950BC72098723B005B4335 /* CoreData.framework */,
				DF950BC420987224005B4335 /* libsqlite3.tbd */,
				DF950BC22098720C005B4335 /* ImageIO.framework */,
				DF950BC020987202005B4335 /* CoreTelephony.framework */,
				DF950BBE209871F2005B4335 /* Photos.framework */,
				DF950BBC209871E9005B4335 /* libc++.tbd */,
				DF950BBA209871E1005B4335 /* SystemConfiguration.framework */,
				DFCBF31F20971E02007289C8 /* libstdc++.tbd */,
				DFCBF31D20971DF4007289C8 /* libz.tbd */,
				DF6BAD4A209460E700D50A60 /* VideoToolbox.framework */,
				DF6BAD48209460DA00D50A60 /* QuartzCore.framework */,
				DF6BAD46209460CC00D50A60 /* OpenGLES.framework */,
				DF6BAD44209460C100D50A60 /* MobileCoreServices.framework */,
				DF6BAD42209460AC00D50A60 /* MediaPlayer.framework */,
				DF6BAD402094609E00D50A60 /* libbz2.tbd */,
				DF6BAD3E2094608C00D50A60 /* CoreVideo.framework */,
				DF6BAD3C2094607100D50A60 /* CoreMedia.framework */,
				DF6BAD3A2094606700D50A60 /* CoreGraphics.framework */,
				DF6BAD382094606000D50A60 /* AVFoundation.framework */,
				DF6BAD362094605300D50A60 /* AudioToolbox.framework */,
				DF6BAD342094603200D50A60 /* IJKMediaFramework.framework */,
				DE0AAD3FDF6D2BBFB850AA47 /* libPods-SunXp_Inke.a */,
				BE19D19CB70E5D2BF3270638 /* libPods-SunXp_InkeTests.a */,
				5AA4DFA0B38017C5D37296E1 /* libPods-SunXp_InkeUITests.a */,
			);
			name = Frameworks;
			sourceTree = "<group>";
		};
		CADB3507D6ECFCAF275885B5 /* Pods */ = {
			isa = PBXGroup;
			children = (
				EA9B87BA48BC56145B86948D /* Pods-SunXp_Inke.debug.xcconfig */,
				F364DEEAE41368CC5151D13F /* Pods-SunXp_Inke.release.xcconfig */,
				BA6B12C00A8B700187965A37 /* Pods-SunXp_InkeTests.debug.xcconfig */,
				64CCA68263F83EFD94AD3E90 /* Pods-SunXp_InkeTests.release.xcconfig */,
				242CDAA72F1A0E85D0A0769C /* Pods-SunXp_InkeUITests.debug.xcconfig */,
				1260CDC0EEBB3E3392E232E7 /* Pods-SunXp_InkeUITests.release.xcconfig */,
			);
			name = Pods;
			sourceTree = "<group>";
		};
		DF606D4E2081D5CE005F450B = {
			isa = PBXGroup;
			children = (
				DF606D592081D5CE005F450B /* SunXp_Inke */,
				DF606D582081D5CE005F450B /* Products */,
				CADB3507D6ECFCAF275885B5 /* Pods */,
				56BB8CB44F65AED18B7A915E /* Frameworks */,
			);
			sourceTree = "<group>";
		};
		DF606D582081D5CE005F450B /* Products */ = {
			isa = PBXGroup;
			children = (
				DF606D572081D5CE005F450B /* SunXp_Inke.app */,
				DF606D692081D5D0005F450B /* SunXp_InkeTests.xctest */,
				DF606D742081D5D0005F450B /* SunXp_InkeUITests.xctest */,
			);
			name = Products;
			sourceTree = "<group>";
		};
		DF606D592081D5CE005F450B /* SunXp_Inke */ = {
			isa = PBXGroup;
			children = (
				DF689C2D20886C1600A09E2E /* Class */,
				DF689C4920886C8F00A09E2E /* Supporting Files */,
			);
			path = SunXp_Inke;
			sourceTree = "<group>";
		};
		DF689C2D20886C1600A09E2E /* Class */ = {
			isa = PBXGroup;
			children = (
				DF689C3320886C1600A09E2E /* Show */,
				DF689C3A20886C1600A09E2E /* Live */,
				DF689C3F20886C1600A09E2E /* My */,
				DF689C4420886C1600A09E2E /* Lib */,
				DF689C3820886C1600A09E2E /* Network */,
				DF689C4520886C1600A09E2E /* Helper */,
				DF689C4820886C1600A09E2E /* Base */,
				DF689C3920886C1600A09E2E /* Other */,
			);
			path = Class;
			sourceTree = "<group>";
		};
		DF689C3320886C1600A09E2E /* Show */ = {
			isa = PBXGroup;
			children = (
				DF689C3420886C1600A09E2E /* Handler */,
				DF689C3520886C1600A09E2E /* Model */,
				DF689C3620886C1600A09E2E /* View */,
				DF689C3720886C1600A09E2E /* ViewController */,
			);
			path = Show;
			sourceTree = "<group>";
		};
		DF689C3420886C1600A09E2E /* Handler */ = {
			isa = PBXGroup;
			children = (
				DF57ECBA2089E12100A3461A /* SXPShowHandler.h */,
				DF57ECBB2089E12100A3461A /* SXPShowHandler.m */,
			);
			path = Handler;
			sourceTree = "<group>";
		};
		DF689C3520886C1600A09E2E /* Model */ = {
			isa = PBXGroup;
			children = (
				DF57ECBD2089E64F00A3461A /* SXPShow.h */,
				DF57ECBE2089E64F00A3461A /* SXPShow.m */,
				DF57ECC02089E68A00A3461A /* SXPCreator.h */,
				DF57ECC12089E68A00A3461A /* SXPCreator.m */,
			);
			path = Model;
			sourceTree = "<group>";
		};
		DF689C3620886C1600A09E2E /* View */ = {
			isa = PBXGroup;
			children = (
				DF57ECAB2089CA4500A3461A /* SXPMainTopView.h */,
				DF57ECAC2089CA4500A3461A /* SXPMainTopView.m */,
				DF6BAD2F2094418800D50A60 /* SXPShowCell.h */,
				DF6BAD302094418800D50A60 /* SXPShowCell.m */,
				DF6BAD312094418800D50A60 /* SXPShowCell.xib */,
				DFE66BA52095905A00120B3C /* SXPNearLiveCell.h */,
				DFE66BA62095905A00120B3C /* SXPNearLiveCell.m */,
				DFE66BA72095905A00120B3C /* SXPNearLiveCell.xib */,
			);
			path = View;
			sourceTree = "<group>";
		};
		DF689C3720886C1600A09E2E /* ViewController */ = {
			isa = PBXGroup;
			children = (
				DFDAE7FC20888A90004C0334 /* SXPMainViewController.h */,
				DFDAE7FD20888A90004C0334 /* SXPMainViewController.m */,
				DFDAE7FE20888A90004C0334 /* SXPMainViewController.xib */,
				DFB207832088BD0A00910127 /* SXPFollowViewController.h */,
				DFB207842088BD0A00910127 /* SXPFollowViewController.m */,
				DFB207882088BD3400910127 /* SXPHotViewController.h */,
				DFB207892088BD3400910127 /* SXPHotViewController.m */,
				DFB2078D2088BD4B00910127 /* SXPNearViewController.h */,
				DFB2078E2088BD4B00910127 /* SXPNearViewController.m */,
				DFB2078F2088BD4B00910127 /* SXPNearViewController.xib */,
				DF6BAD4C2094620200D50A60 /* SXPPlayerViewController.h */,
				DF6BAD4D2094620200D50A60 /* SXPPlayerViewController.m */,
				DF6BAD552094728800D50A60 /* SXPLiveChatViewController.h */,
				DF6BAD562094728800D50A60 /* SXPLiveChatViewController.m */,
				DF6BAD572094728800D50A60 /* SXPLiveChatViewController.xib */,
			);
			path = ViewController;
			sourceTree = "<group>";
		};
		DF689C3820886C1600A09E2E /* Network */ = {
			isa = PBXGroup;
			children = (
				DF57ECAE2089D73800A3461A /* APIConfig.h */,
				DF57ECB12089D7E500A3461A /* HttpTool.h */,
				DF57ECB22089D7E500A3461A /* HttpTool.m */,
				DF57ECB42089D7EC00A3461A /* UIImageView+SDWebImage.h */,
				DF57ECB52089D7EC00A3461A /* UIImageView+SDWebImage.m */,
			);
			path = Network;
			sourceTree = "<group>";
		};
		DF689C3920886C1600A09E2E /* Other */ = {
			isa = PBXGroup;
			children = (
				DF689C4A20886D3700A09E2E /* AppDelegate.h */,
				DF689C4B20886D3700A09E2E /* AppDelegate.m */,
			);
			path = Other;
			sourceTree = "<group>";
		};
		DF689C3A20886C1600A09E2E /* Live */ = {
			isa = PBXGroup;
			children = (
				DF689C3B20886C1600A09E2E /* Handler */,
				DF689C3C20886C1600A09E2E /* Model */,
				DF689C3D20886C1600A09E2E /* View */,
				DF689C3E20886C1600A09E2E /* ViewController */,
			);
			path = Live;
			sourceTree = "<group>";
		};
		DF689C3B20886C1600A09E2E /* Handler */ = {
			isa = PBXGroup;
			children = (
			);
			path = Handler;
			sourceTree = "<group>";
		};
		DF689C3C20886C1600A09E2E /* Model */ = {
			isa = PBXGroup;
			children = (
			);
			path = Model;
			sourceTree = "<group>";
		};
		DF689C3D20886C1600A09E2E /* View */ = {
			isa = PBXGroup;
			children = (
				DF94075C2096FB5D0011A268 /* LFLivePreview.h */,
				DF94075D2096FB5D0011A268 /* LFLivePreview.m */,
			);
			path = View;
			sourceTree = "<group>";
		};
		DF689C3E20886C1600A09E2E /* ViewController */ = {
			isa = PBXGroup;
			children = (
				DFB2077E2088B79700910127 /* SXPLaunchViewController.h */,
				DFB2077F2088B79700910127 /* SXPLaunchViewController.m */,
				DFB207802088B79700910127 /* SXPLaunchViewController.xib */,
			);
			path = ViewController;
			sourceTree = "<group>";
		};
		DF689C3F20886C1600A09E2E /* My */ = {
			isa = PBXGroup;
			children = (
				DF689C4020886C1600A09E2E /* Handler */,
				DF689C4120886C1600A09E2E /* Model */,
				DF689C4220886C1600A09E2E /* View */,
				DF689C4320886C1600A09E2E /* ViewController */,
			);
			path = My;
			sourceTree = "<group>";
		};
		DF689C4020886C1600A09E2E /* Handler */ = {
			isa = PBXGroup;
			children = (
			);
			path = Handler;
			sourceTree = "<group>";
		};
		DF689C4120886C1600A09E2E /* Model */ = {
			isa = PBXGroup;
			children = (
				DF950BD02098881A005B4335 /* SXPSetting.h */,
				DF950BD12098881A005B4335 /* SXPSetting.m */,
			);
			path = Model;
			sourceTree = "<group>";
		};
		DF689C4220886C1600A09E2E /* View */ = {
			isa = PBXGroup;
			children = (
				DF950BCB209879EC005B4335 /* SXPMyInfoView.h */,
				DF950BCC209879EC005B4335 /* SXPMyInfoView.m */,
				DF950BCE209879F8005B4335 /* SXPMyInfoView.xib */,
			);
			path = View;
			sourceTree = "<group>";
		};
		DF689C4320886C1600A09E2E /* ViewController */ = {
			isa = PBXGroup;
			children = (
				DFDAE80120888AD6004C0334 /* SXPMyViewController.h */,
				DFDAE80220888AD6004C0334 /* SXPMyViewController.m */,
				DFDAE80320888AD6004C0334 /* SXPMyViewController.xib */,
				DF950BA420986208005B4335 /* SXPLoginViewController.h */,
				DF950BA520986208005B4335 /* SXPLoginViewController.m */,
				DF950BA620986208005B4335 /* SXPLoginViewController.xib */,
			);
			path = ViewController;
			sourceTree = "<group>";
		};
		DF689C4420886C1600A09E2E /* Lib */ = {
			isa = PBXGroup;
			children = (
			);
			path = Lib;
			sourceTree = "<group>";
		};
		DF689C4520886C1600A09E2E /* Helper */ = {
			isa = PBXGroup;
			children = (
				DF689C4620886C1600A09E2E /* Tools */,
				DF689C4720886C1600A09E2E /* Category */,
			);
			path = Helper;
			sourceTree = "<group>";
		};
		DF689C4620886C1600A09E2E /* Tools */ = {
			isa = PBXGroup;
			children = (
				DF689C502088778D00A09E2E /* SunXp_Inke.pch */,
				DFDAE7F52088817B004C0334 /* SXPMacros.h */,
				DF47E7D02089EC5E00B116B7 /* MJExtensionConfig.h */,
				DF47E7D12089EC5E00B116B7 /* MJExtensionConfig.m */,
				DFE66BA22095855800120B3C /* SXPLocationManager.h */,
				DFE66BA32095855800120B3C /* SXPLocationManager.m */,
				DFE66BAF2095AF6300120B3C /* SXPCacheHelper.h */,
				DFE66BB02095AF6300120B3C /* SXPCacheHelper.m */,
			);
			path = Tools;
			sourceTree = "<group>";
		};
		DF689C4720886C1600A09E2E /* Category */ = {
			isa = PBXGroup;
			children = (
			);
			path = Category;
			sourceTree = "<group>";
		};
		DF689C4820886C1600A09E2E /* Base */ = {
			isa = PBXGroup;
			children = (
				DF689C4E20886D4800A09E2E /* SXPBaseViewController.h */,
				DF689C4D20886D4800A09E2E /* SXPBaseViewController.m */,
				DFDAE80620888BB5004C0334 /* SXPBaseNavigationViewController.h */,
				DFDAE80720888BB5004C0334 /* SXPBaseNavigationViewController.m */,
				DFDAE7F6208882D3004C0334 /* SXPTabBarViewController.h */,
				DFDAE7F7208882D3004C0334 /* SXPTabBarViewController.m */,
				DFDAE7F9208882F3004C0334 /* SXPTabBar.h */,
				DFDAE7FA208882F3004C0334 /* SXPTabBar.m */,
				DF57ECB72089E04100A3461A /* SXPBaseHandler.h */,
				DF57ECB82089E04100A3461A /* SXPBaseHandler.m */,
				DFE66BAA2095A98B00120B3C /* SXPAdvertiseView.h */,
				DFE66BAB2095A98B00120B3C /* SXPAdvertiseView.m */,
				DFE66BAD2095A99A00120B3C /* SXPAdvertiseView.xib */,
			);
			path = Base;
			sourceTree = "<group>";
		};
		DF689C4920886C8F00A09E2E /* Supporting Files */ = {
			isa = PBXGroup;
			children = (
				DF606D5D2081D5D0005F450B /* Assets.xcassets */,
				DF606D5F2081D5D0005F450B /* LaunchScreen.storyboard */,
				DF606D622081D5D0005F450B /* Info.plist */,
				DF606D632081D5D0005F450B /* main.m */,
			);
			path = "Supporting Files";
			sourceTree = "<group>";
		};
/* End PBXGroup section */

/* Begin PBXNativeTarget section */
		DF606D562081D5CE005F450B /* SunXp_Inke */ = {
			isa = PBXNativeTarget;
			buildConfigurationList = DF606D7D2081D5D0005F450B /* Build configuration list for PBXNativeTarget "SunXp_Inke" */;
			buildPhases = (
				1624CEDEB1246B144586B1C4 /* [CP] Check Pods Manifest.lock */,
				DF606D532081D5CE005F450B /* Sources */,
				DF606D542081D5CE005F450B /* Frameworks */,
				DF606D552081D5CE005F450B /* Resources */,
				0E1ABA3CDA783016494131E9 /* [CP] Copy Pods Resources */,
			);
			buildRules = (
			);
			dependencies = (
			);
			name = SunXp_Inke;
			productName = SunXp_Inke;
			productReference = DF606D572081D5CE005F450B /* SunXp_Inke.app */;
			productType = "com.apple.product-type.application";
		};
		DF606D682081D5D0005F450B /* SunXp_InkeTests */ = {
			isa = PBXNativeTarget;
			buildConfigurationList = DF606D802081D5D0005F450B /* Build configuration list for PBXNativeTarget "SunXp_InkeTests" */;
			buildPhases = (
				E9E2CBBF333C2DA05CA0EF01 /* [CP] Check Pods Manifest.lock */,
				DF606D652081D5D0005F450B /* Sources */,
				DF606D662081D5D0005F450B /* Frameworks */,
				DF606D672081D5D0005F450B /* Resources */,
			);
			buildRules = (
			);
			dependencies = (
				DF606D6B2081D5D0005F450B /* PBXTargetDependency */,
			);
			name = SunXp_InkeTests;
			productName = SunXp_InkeTests;
			productReference = DF606D692081D5D0005F450B /* SunXp_InkeTests.xctest */;
			productType = "com.apple.product-type.bundle.unit-test";
		};
		DF606D732081D5D0005F450B /* SunXp_InkeUITests */ = {
			isa = PBXNativeTarget;
			buildConfigurationList = DF606D832081D5D0005F450B /* Build configuration list for PBXNativeTarget "SunXp_InkeUITests" */;
			buildPhases = (
				3691C1BFCF888D90E399320F /* [CP] Check Pods Manifest.lock */,
				DF606D702081D5D0005F450B /* Sources */,
				DF606D712081D5D0005F450B /* Frameworks */,
				DF606D722081D5D0005F450B /* Resources */,
			);
			buildRules = (
			);
			dependencies = (
				DF606D762081D5D0005F450B /* PBXTargetDependency */,
			);
			name = SunXp_InkeUITests;
			productName = SunXp_InkeUITests;
			productReference = DF606D742081D5D0005F450B /* SunXp_InkeUITests.xctest */;
			productType = "com.apple.product-type.bundle.ui-testing";
		};
/* End PBXNativeTarget section */

/* Begin PBXProject section */
		DF606D4F2081D5CE005F450B /* Project object */ = {
			isa = PBXProject;
			attributes = {
				CLASSPREFIX = SXP;
				LastUpgradeCheck = 0930;
				ORGANIZATIONNAME = SunXP;
				TargetAttributes = {
					DF606D562081D5CE005F450B = {
						CreatedOnToolsVersion = 9.3;
					};
					DF606D682081D5D0005F450B = {
						CreatedOnToolsVersion = 9.3;
						TestTargetID = DF606D562081D5CE005F450B;
					};
					DF606D732081D5D0005F450B = {
						CreatedOnToolsVersion = 9.3;
						TestTargetID = DF606D562081D5CE005F450B;
					};
				};
			};
			buildConfigurationList = DF606D522081D5CE005F450B /* Build configuration list for PBXProject "SunXp_Inke" */;
			compatibilityVersion = "Xcode 9.3";
			developmentRegion = en;
			hasScannedForEncodings = 0;
			knownRegions = (
				en,
				Base,
			);
			mainGroup = DF606D4E2081D5CE005F450B;
			productRefGroup = DF606D582081D5CE005F450B /* Products */;
			projectDirPath = "";
			projectRoot = "";
			targets = (
				DF606D562081D5CE005F450B /* SunXp_Inke */,
				DF606D682081D5D0005F450B /* SunXp_InkeTests */,
				DF606D732081D5D0005F450B /* SunXp_InkeUITests */,
			);
		};
/* End PBXProject section */

/* Begin PBXResourcesBuildPhase section */
		DF606D552081D5CE005F450B /* Resources */ = {
			isa = PBXResourcesBuildPhase;
			buildActionMask = 2147483647;
			files = (
				DFDAE80520888AD6004C0334 /* SXPMyViewController.xib in Resources */,
				DF606D5E2081D5D0005F450B /* Assets.xcassets in Resources */,
				DF950BCF209879F8005B4335 /* SXPMyInfoView.xib in Resources */,
				DF950BA820986208005B4335 /* SXPLoginViewController.xib in Resources */,
				DFB207912088BD4B00910127 /* SXPNearViewController.xib in Resources */,
				DFE66BA92095905A00120B3C /* SXPNearLiveCell.xib in Resources */,
				DF606D612081D5D0005F450B /* LaunchScreen.storyboard in Resources */,
				DFDAE80020888A90004C0334 /* SXPMainViewController.xib in Resources */,
				DFB207822088B79700910127 /* SXPLaunchViewController.xib in Resources */,
				DFE66BAE2095A99A00120B3C /* SXPAdvertiseView.xib in Resources */,
				DF6BAD332094418800D50A60 /* SXPShowCell.xib in Resources */,
				DF6BAD592094728800D50A60 /* SXPLiveChatViewController.xib in Resources */,
			);
			runOnlyForDeploymentPostprocessing = 0;
		};
		DF606D672081D5D0005F450B /* Resources */ = {
			isa = PBXResourcesBuildPhase;
			buildActionMask = 2147483647;
			files = (
			);
			runOnlyForDeploymentPostprocessing = 0;
		};
		DF606D722081D5D0005F450B /* Resources */ = {
			isa = PBXResourcesBuildPhase;
			buildActionMask = 2147483647;
			files = (
			);
			runOnlyForDeploymentPostprocessing = 0;
		};
/* End PBXResourcesBuildPhase section */

/* Begin PBXShellScriptBuildPhase section */
		0E1ABA3CDA783016494131E9 /* [CP] Copy Pods Resources */ = {
			isa = PBXShellScriptBuildPhase;
			buildActionMask = 2147483647;
			files = (
			);
			inputPaths = (
				"${SRCROOT}/Pods/Target Support Files/Pods-SunXp_Inke/Pods-SunXp_Inke-resources.sh",
				"${PODS_ROOT}/LMGPUImage/framework/Resources/lookup.png",
				"${PODS_ROOT}/LMGPUImage/framework/Resources/lookup_amatorka.png",
				"${PODS_ROOT}/LMGPUImage/framework/Resources/lookup_miss_etikate.png",
				"${PODS_ROOT}/LMGPUImage/framework/Resources/lookup_soft_elegance_1.png",
				"${PODS_ROOT}/LMGPUImage/framework/Resources/lookup_soft_elegance_2.png",
			);
			name = "[CP] Copy Pods Resources";
			outputPaths = (
				"${TARGET_BUILD_DIR}/${UNLOCALIZED_RESOURCES_FOLDER_PATH}/lookup.png",
				"${TARGET_BUILD_DIR}/${UNLOCALIZED_RESOURCES_FOLDER_PATH}/lookup_amatorka.png",
				"${TARGET_BUILD_DIR}/${UNLOCALIZED_RESOURCES_FOLDER_PATH}/lookup_miss_etikate.png",
				"${TARGET_BUILD_DIR}/${UNLOCALIZED_RESOURCES_FOLDER_PATH}/lookup_soft_elegance_1.png",
				"${TARGET_BUILD_DIR}/${UNLOCALIZED_RESOURCES_FOLDER_PATH}/lookup_soft_elegance_2.png",
			);
			runOnlyForDeploymentPostprocessing = 0;
			shellPath = /bin/sh;
			shellScript = "\"${SRCROOT}/Pods/Target Support Files/Pods-SunXp_Inke/Pods-SunXp_Inke-resources.sh\"\n";
			showEnvVarsInLog = 0;
		};
		1624CEDEB1246B144586B1C4 /* [CP] Check Pods Manifest.lock */ = {
			isa = PBXShellScriptBuildPhase;
			buildActionMask = 2147483647;
			files = (
			);
			inputPaths = (
				"${PODS_PODFILE_DIR_PATH}/Podfile.lock",
				"${PODS_ROOT}/Manifest.lock",
			);
			name = "[CP] Check Pods Manifest.lock";
			outputPaths = (
				"$(DERIVED_FILE_DIR)/Pods-SunXp_Inke-checkManifestLockResult.txt",
			);
			runOnlyForDeploymentPostprocessing = 0;
			shellPath = /bin/sh;
			shellScript = "diff \"${PODS_PODFILE_DIR_PATH}/Podfile.lock\" \"${PODS_ROOT}/Manifest.lock\" > /dev/null\nif [ $? != 0 ] ; then\n    # print error to STDERR\n    echo \"error: The sandbox is not in sync with the Podfile.lock. Run 'pod install' or update your CocoaPods installation.\" >&2\n    exit 1\nfi\n# This output is used by Xcode 'outputs' to avoid re-running this script phase.\necho \"SUCCESS\" > \"${SCRIPT_OUTPUT_FILE_0}\"\n";
			showEnvVarsInLog = 0;
		};
		3691C1BFCF888D90E399320F /* [CP] Check Pods Manifest.lock */ = {
			isa = PBXShellScriptBuildPhase;
			buildActionMask = 2147483647;
			files = (
			);
			inputPaths = (
				"${PODS_PODFILE_DIR_PATH}/Podfile.lock",
				"${PODS_ROOT}/Manifest.lock",
			);
			name = "[CP] Check Pods Manifest.lock";
			outputPaths = (
				"$(DERIVED_FILE_DIR)/Pods-SunXp_InkeUITests-checkManifestLockResult.txt",
			);
			runOnlyForDeploymentPostprocessing = 0;
			shellPath = /bin/sh;
			shellScript = "diff \"${PODS_PODFILE_DIR_PATH}/Podfile.lock\" \"${PODS_ROOT}/Manifest.lock\" > /dev/null\nif [ $? != 0 ] ; then\n    # print error to STDERR\n    echo \"error: The sandbox is not in sync with the Podfile.lock. Run 'pod install' or update your CocoaPods installation.\" >&2\n    exit 1\nfi\n# This output is used by Xcode 'outputs' to avoid re-running this script phase.\necho \"SUCCESS\" > \"${SCRIPT_OUTPUT_FILE_0}\"\n";
			showEnvVarsInLog = 0;
		};
		E9E2CBBF333C2DA05CA0EF01 /* [CP] Check Pods Manifest.lock */ = {
			isa = PBXShellScriptBuildPhase;
			buildActionMask = 2147483647;
			files = (
			);
			inputPaths = (
				"${PODS_PODFILE_DIR_PATH}/Podfile.lock",
				"${PODS_ROOT}/Manifest.lock",
			);
			name = "[CP] Check Pods Manifest.lock";
			outputPaths = (
				"$(DERIVED_FILE_DIR)/Pods-SunXp_InkeTests-checkManifestLockResult.txt",
			);
			runOnlyForDeploymentPostprocessing = 0;
			shellPath = /bin/sh;
			shellScript = "diff \"${PODS_PODFILE_DIR_PATH}/Podfile.lock\" \"${PODS_ROOT}/Manifest.lock\" > /dev/null\nif [ $? != 0 ] ; then\n    # print error to STDERR\n    echo \"error: The sandbox is not in sync with the Podfile.lock. Run 'pod install' or update your CocoaPods installation.\" >&2\n    exit 1\nfi\n# This output is used by Xcode 'outputs' to avoid re-running this script phase.\necho \"SUCCESS\" > \"${SCRIPT_OUTPUT_FILE_0}\"\n";
			showEnvVarsInLog = 0;
		};
/* End PBXShellScriptBuildPhase section */

/* Begin PBXSourcesBuildPhase section */
		DF606D532081D5CE005F450B /* Sources */ = {
			isa = PBXSourcesBuildPhase;
			buildActionMask = 2147483647;
			files = (
				DFDAE80420888AD6004C0334 /* SXPMyViewController.m in Sources */,
				DFB2078B2088BD3400910127 /* SXPHotViewController.m in Sources */,
				DFE66BA82095905A00120B3C /* SXPNearLiveCell.m in Sources */,
				DF57ECC22089E68A00A3461A /* SXPCreator.m in Sources */,
				DFB207862088BD0A00910127 /* SXPFollowViewController.m in Sources */,
				DFB207812088B79700910127 /* SXPLaunchViewController.m in Sources */,
				DF6BAD4E2094620200D50A60 /* SXPPlayerViewController.m in Sources */,
				DF6BAD582094728800D50A60 /* SXPLiveChatViewController.m in Sources */,
				DF950BA720986208005B4335 /* SXPLoginViewController.m in Sources */,
				DF57ECAD2089CA4500A3461A /* SXPMainTopView.m in Sources */,
				DF57ECB62089D7ED00A3461A /* UIImageView+SDWebImage.m in Sources */,
				DF57ECBF2089E64F00A3461A /* SXPShow.m in Sources */,
				DF6BAD322094418800D50A60 /* SXPShowCell.m in Sources */,
				DF47E7D22089EC5E00B116B7 /* MJExtensionConfig.m in Sources */,
				DF950BD22098881A005B4335 /* SXPSetting.m in Sources */,
				DF689C4C20886D3700A09E2E /* AppDelegate.m in Sources */,
				DFDAE7FB208882F3004C0334 /* SXPTabBar.m in Sources */,
				DFE66BA42095855800120B3C /* SXPLocationManager.m in Sources */,
				DFDAE80820888BB5004C0334 /* SXPBaseNavigationViewController.m in Sources */,
				DF950BCD209879EC005B4335 /* SXPMyInfoView.m in Sources */,
				DF606D642081D5D0005F450B /* main.m in Sources */,
				DF94075E2096FB5E0011A268 /* LFLivePreview.m in Sources */,
				DFE66BAC2095A98B00120B3C /* SXPAdvertiseView.m in Sources */,
				DFE66BB12095AF6300120B3C /* SXPCacheHelper.m in Sources */,
				DFDAE7F8208882D3004C0334 /* SXPTabBarViewController.m in Sources */,
				DF689C4F20886D4800A09E2E /* SXPBaseViewController.m in Sources */,
				DFB207902088BD4B00910127 /* SXPNearViewController.m in Sources */,
				DFDAE7FF20888A90004C0334 /* SXPMainViewController.m in Sources */,
				DF57ECBC2089E12100A3461A /* SXPShowHandler.m in Sources */,
				DF57ECB32089D7E500A3461A /* HttpTool.m in Sources */,
				DF57ECB92089E04100A3461A /* SXPBaseHandler.m in Sources */,
			);
			runOnlyForDeploymentPostprocessing = 0;
		};
		DF606D652081D5D0005F450B /* Sources */ = {
			isa = PBXSourcesBuildPhase;
			buildActionMask = 2147483647;
			files = (
			);
			runOnlyForDeploymentPostprocessing = 0;
		};
		DF606D702081D5D0005F450B /* Sources */ = {
			isa = PBXSourcesBuildPhase;
			buildActionMask = 2147483647;
			files = (
			);
			runOnlyForDeploymentPostprocessing = 0;
		};
/* End PBXSourcesBuildPhase section */

/* Begin PBXTargetDependency section */
		DF606D6B2081D5D0005F450B /* PBXTargetDependency */ = {
			isa = PBXTargetDependency;
			target = DF606D562081D5CE005F450B /* SunXp_Inke */;
			targetProxy = DF606D6A2081D5D0005F450B /* PBXContainerItemProxy */;
		};
		DF606D762081D5D0005F450B /* PBXTargetDependency */ = {
			isa = PBXTargetDependency;
			target = DF606D562081D5CE005F450B /* SunXp_Inke */;
			targetProxy = DF606D752081D5D0005F450B /* PBXContainerItemProxy */;
		};
/* End PBXTargetDependency section */

/* Begin PBXVariantGroup section */
		DF606D5F2081D5D0005F450B /* LaunchScreen.storyboard */ = {
			isa = PBXVariantGroup;
			children = (
				DF606D602081D5D0005F450B /* Base */,
			);
			name = LaunchScreen.storyboard;
			sourceTree = "<group>";
		};
/* End PBXVariantGroup section */

/* Begin XCBuildConfiguration section */
		DF606D7B2081D5D0005F450B /* Debug */ = {
			isa = XCBuildConfiguration;
			buildSettings = {
				ALWAYS_SEARCH_USER_PATHS = NO;
				CLANG_ANALYZER_NONNULL = YES;
				CLANG_ANALYZER_NUMBER_OBJECT_CONVERSION = YES_AGGRESSIVE;
				CLANG_CXX_LANGUAGE_STANDARD = "gnu++14";
				CLANG_CXX_LIBRARY = "libc++";
				CLANG_ENABLE_MODULES = YES;
				CLANG_ENABLE_OBJC_ARC = YES;
				CLANG_ENABLE_OBJC_WEAK = YES;
				CLANG_WARN_BLOCK_CAPTURE_AUTORELEASING = YES;
				CLANG_WARN_BOOL_CONVERSION = YES;
				CLANG_WARN_COMMA = YES;
				CLANG_WARN_CONSTANT_CONVERSION = YES;
				CLANG_WARN_DEPRECATED_OBJC_IMPLEMENTATIONS = YES;
				CLANG_WARN_DIRECT_OBJC_ISA_USAGE = YES_ERROR;
				CLANG_WARN_DOCUMENTATION_COMMENTS = YES;
				CLANG_WARN_EMPTY_BODY = YES;
				CLANG_WARN_ENUM_CONVERSION = YES;
				CLANG_WARN_INFINITE_RECURSION = YES;
				CLANG_WARN_INT_CONVERSION = YES;
				CLANG_WARN_NON_LITERAL_NULL_CONVERSION = YES;
				CLANG_WARN_OBJC_IMPLICIT_RETAIN_SELF = YES;
				CLANG_WARN_OBJC_LITERAL_CONVERSION = YES;
				CLANG_WARN_OBJC_ROOT_CLASS = YES_ERROR;
				CLANG_WARN_RANGE_LOOP_ANALYSIS = YES;
				CLANG_WARN_STRICT_PROTOTYPES = YES;
				CLANG_WARN_SUSPICIOUS_MOVE = YES;
				CLANG_WARN_UNGUARDED_AVAILABILITY = YES_AGGRESSIVE;
				CLANG_WARN_UNREACHABLE_CODE = YES;
				CLANG_WARN__DUPLICATE_METHOD_MATCH = YES;
				CODE_SIGN_IDENTITY = "iPhone Developer";
				COPY_PHASE_STRIP = NO;
				DEBUG_INFORMATION_FORMAT = dwarf;
				ENABLE_STRICT_OBJC_MSGSEND = YES;
				ENABLE_TESTABILITY = YES;
				GCC_C_LANGUAGE_STANDARD = gnu11;
				GCC_DYNAMIC_NO_PIC = NO;
				GCC_NO_COMMON_BLOCKS = YES;
				GCC_OPTIMIZATION_LEVEL = 0;
				GCC_PREPROCESSOR_DEFINITIONS = (
					"DEBUG=1",
					"$(inherited)",
				);
				GCC_WARN_64_TO_32_BIT_CONVERSION = YES;
				GCC_WARN_ABOUT_RETURN_TYPE = YES_ERROR;
				GCC_WARN_UNDECLARED_SELECTOR = YES;
				GCC_WARN_UNINITIALIZED_AUTOS = YES_AGGRESSIVE;
				GCC_WARN_UNUSED_FUNCTION = YES;
				GCC_WARN_UNUSED_VARIABLE = YES;
				IPHONEOS_DEPLOYMENT_TARGET = 11.3;
				MTL_ENABLE_DEBUG_INFO = YES;
				ONLY_ACTIVE_ARCH = YES;
				SDKROOT = iphoneos;
			};
			name = Debug;
		};
		DF606D7C2081D5D0005F450B /* Release */ = {
			isa = XCBuildConfiguration;
			buildSettings = {
				ALWAYS_SEARCH_USER_PATHS = NO;
				CLANG_ANALYZER_NONNULL = YES;
				CLANG_ANALYZER_NUMBER_OBJECT_CONVERSION = YES_AGGRESSIVE;
				CLANG_CXX_LANGUAGE_STANDARD = "gnu++14";
				CLANG_CXX_LIBRARY = "libc++";
				CLANG_ENABLE_MODULES = YES;
				CLANG_ENABLE_OBJC_ARC = YES;
				CLANG_ENABLE_OBJC_WEAK = YES;
				CLANG_WARN_BLOCK_CAPTURE_AUTORELEASING = YES;
				CLANG_WARN_BOOL_CONVERSION = YES;
				CLANG_WARN_COMMA = YES;
				CLANG_WARN_CONSTANT_CONVERSION = YES;
				CLANG_WARN_DEPRECATED_OBJC_IMPLEMENTATIONS = YES;
				CLANG_WARN_DIRECT_OBJC_ISA_USAGE = YES_ERROR;
				CLANG_WARN_DOCUMENTATION_COMMENTS = YES;
				CLANG_WARN_EMPTY_BODY = YES;
				CLANG_WARN_ENUM_CONVERSION = YES;
				CLANG_WARN_INFINITE_RECURSION = YES;
				CLANG_WARN_INT_CONVERSION = YES;
				CLANG_WARN_NON_LITERAL_NULL_CONVERSION = YES;
				CLANG_WARN_OBJC_IMPLICIT_RETAIN_SELF = YES;
				CLANG_WARN_OBJC_LITERAL_CONVERSION = YES;
				CLANG_WARN_OBJC_ROOT_CLASS = YES_ERROR;
				CLANG_WARN_RANGE_LOOP_ANALYSIS = YES;
				CLANG_WARN_STRICT_PROTOTYPES = YES;
				CLANG_WARN_SUSPICIOUS_MOVE = YES;
				CLANG_WARN_UNGUARDED_AVAILABILITY = YES_AGGRESSIVE;
				CLANG_WARN_UNREACHABLE_CODE = YES;
				CLANG_WARN__DUPLICATE_METHOD_MATCH = YES;
				CODE_SIGN_IDENTITY = "iPhone Developer";
				COPY_PHASE_STRIP = NO;
				DEBUG_INFORMATION_FORMAT = "dwarf-with-dsym";
				ENABLE_NS_ASSERTIONS = NO;
				ENABLE_STRICT_OBJC_MSGSEND = YES;
				GCC_C_LANGUAGE_STANDARD = gnu11;
				GCC_NO_COMMON_BLOCKS = YES;
				GCC_WARN_64_TO_32_BIT_CONVERSION = YES;
				GCC_WARN_ABOUT_RETURN_TYPE = YES_ERROR;
				GCC_WARN_UNDECLARED_SELECTOR = YES;
				GCC_WARN_UNINITIALIZED_AUTOS = YES_AGGRESSIVE;
				GCC_WARN_UNUSED_FUNCTION = YES;
				GCC_WARN_UNUSED_VARIABLE = YES;
				IPHONEOS_DEPLOYMENT_TARGET = 11.3;
				MTL_ENABLE_DEBUG_INFO = NO;
				SDKROOT = iphoneos;
				VALIDATE_PRODUCT = YES;
			};
			name = Release;
		};
		DF606D7E2081D5D0005F450B /* Debug */ = {
			isa = XCBuildConfiguration;
			baseConfigurationReference = EA9B87BA48BC56145B86948D /* Pods-SunXp_Inke.debug.xcconfig */;
			buildSettings = {
				ASSETCATALOG_COMPILER_APPICON_NAME = AppIcon;
				ASSETCATALOG_COMPILER_LAUNCHIMAGE_NAME = Brand_Image;
				CODE_SIGN_STYLE = Automatic;
				DEVELOPMENT_TEAM = HD56DK4J54;
				FRAMEWORK_SEARCH_PATHS = (
					"$(inherited)",
					"$(PROJECT_DIR)",
					"$(PROJECT_DIR)/SunXp_Inke/Class/Lib/share_ios_6.9.1/UMSocialUI",
					"$(PROJECT_DIR)/SunXp_Inke/Class/Lib/share_ios_6.9.1",
				);
				GCC_PREFIX_HEADER = "$(SRCROOT)/SunXp_Inke/Class/Helper/Tools/SunXp_Inke.pch";
				INFOPLIST_FILE = "SunXp_Inke/Supporting Files/Info.plist";
				IPHONEOS_DEPLOYMENT_TARGET = 8.0;
				LD_RUNPATH_SEARCH_PATHS = (
					"$(inherited)",
					"@executable_path/Frameworks",
				);
				LIBRARY_SEARCH_PATHS = (
					"$(inherited)",
					"$(PROJECT_DIR)/SunXp_Inke/Class/Lib/share_ios_6.9.1/SocialLibraries/Sina",
					"$(PROJECT_DIR)/SunXp_Inke/Class/Lib/share_ios_6.9.1/SocialLibraries/QQ",
				);
				PRODUCT_BUNDLE_IDENTIFIER = "com.SunXp.SunXp-Inke";
				PRODUCT_NAME = "$(TARGET_NAME)";
				TARGETED_DEVICE_FAMILY = "1,2";
			};
			name = Debug;
		};
		DF606D7F2081D5D0005F450B /* Release */ = {
			isa = XCBuildConfiguration;
			baseConfigurationReference = F364DEEAE41368CC5151D13F /* Pods-SunXp_Inke.release.xcconfig */;
			buildSettings = {
				ASSETCATALOG_COMPILER_APPICON_NAME = AppIcon;
				ASSETCATALOG_COMPILER_LAUNCHIMAGE_NAME = Brand_Image;
				CODE_SIGN_STYLE = Automatic;
				DEVELOPMENT_TEAM = HD56DK4J54;
				FRAMEWORK_SEARCH_PATHS = (
					"$(inherited)",
					"$(PROJECT_DIR)",
					"$(PROJECT_DIR)/SunXp_Inke/Class/Lib/share_ios_6.9.1/UMSocialUI",
					"$(PROJECT_DIR)/SunXp_Inke/Class/Lib/share_ios_6.9.1",
				);
				GCC_PREFIX_HEADER = "$(SRCROOT)/SunXp_Inke/Class/Helper/Tools/SunXp_Inke.pch";
				INFOPLIST_FILE = "SunXp_Inke/Supporting Files/Info.plist";
				IPHONEOS_DEPLOYMENT_TARGET = 8.0;
				LD_RUNPATH_SEARCH_PATHS = (
					"$(inherited)",
					"@executable_path/Frameworks",
				);
				LIBRARY_SEARCH_PATHS = (
					"$(inherited)",
					"$(PROJECT_DIR)/SunXp_Inke/Class/Lib/share_ios_6.9.1/SocialLibraries/Sina",
					"$(PROJECT_DIR)/SunXp_Inke/Class/Lib/share_ios_6.9.1/SocialLibraries/QQ",
				);
				PRODUCT_BUNDLE_IDENTIFIER = "com.SunXp.SunXp-Inke";
				PRODUCT_NAME = "$(TARGET_NAME)";
				TARGETED_DEVICE_FAMILY = "1,2";
			};
			name = Release;
		};
		DF606D812081D5D0005F450B /* Debug */ = {
			isa = XCBuildConfiguration;
			baseConfigurationReference = BA6B12C00A8B700187965A37 /* Pods-SunXp_InkeTests.debug.xcconfig */;
			buildSettings = {
				BUNDLE_LOADER = "$(TEST_HOST)";
				CODE_SIGN_STYLE = Automatic;
				DEVELOPMENT_TEAM = HD56DK4J54;
				INFOPLIST_FILE = SunXp_InkeTests/Info.plist;
				LD_RUNPATH_SEARCH_PATHS = (
					"$(inherited)",
					"@executable_path/Frameworks",
					"@loader_path/Frameworks",
				);
				PRODUCT_BUNDLE_IDENTIFIER = "SunXp.SunXp-InkeTests";
				PRODUCT_NAME = "$(TARGET_NAME)";
				TARGETED_DEVICE_FAMILY = "1,2";
				TEST_HOST = "$(BUILT_PRODUCTS_DIR)/SunXp_Inke.app/SunXp_Inke";
			};
			name = Debug;
		};
		DF606D822081D5D0005F450B /* Release */ = {
			isa = XCBuildConfiguration;
			baseConfigurationReference = 64CCA68263F83EFD94AD3E90 /* Pods-SunXp_InkeTests.release.xcconfig */;
			buildSettings = {
				BUNDLE_LOADER = "$(TEST_HOST)";
				CODE_SIGN_STYLE = Automatic;
				DEVELOPMENT_TEAM = HD56DK4J54;
				INFOPLIST_FILE = SunXp_InkeTests/Info.plist;
				LD_RUNPATH_SEARCH_PATHS = (
					"$(inherited)",
					"@executable_path/Frameworks",
					"@loader_path/Frameworks",
				);
				PRODUCT_BUNDLE_IDENTIFIER = "SunXp.SunXp-InkeTests";
				PRODUCT_NAME = "$(TARGET_NAME)";
				TARGETED_DEVICE_FAMILY = "1,2";
				TEST_HOST = "$(BUILT_PRODUCTS_DIR)/SunXp_Inke.app/SunXp_Inke";
			};
			name = Release;
		};
		DF606D842081D5D0005F450B /* Debug */ = {
			isa = XCBuildConfiguration;
			baseConfigurationReference = 242CDAA72F1A0E85D0A0769C /* Pods-SunXp_InkeUITests.debug.xcconfig */;
			buildSettings = {
				CODE_SIGN_STYLE = Automatic;
				DEVELOPMENT_TEAM = HD56DK4J54;
				INFOPLIST_FILE = SunXp_InkeUITests/Info.plist;
				LD_RUNPATH_SEARCH_PATHS = (
					"$(inherited)",
					"@executable_path/Frameworks",
					"@loader_path/Frameworks",
				);
				PRODUCT_BUNDLE_IDENTIFIER = "SunXp.SunXp-InkeUITests";
				PRODUCT_NAME = "$(TARGET_NAME)";
				TARGETED_DEVICE_FAMILY = "1,2";
				TEST_TARGET_NAME = SunXp_Inke;
			};
			name = Debug;
		};
		DF606D852081D5D0005F450B /* Release */ = {
			isa = XCBuildConfiguration;
			baseConfigurationReference = 1260CDC0EEBB3E3392E232E7 /* Pods-SunXp_InkeUITests.release.xcconfig */;
			buildSettings = {
				CODE_SIGN_STYLE = Automatic;
				DEVELOPMENT_TEAM = HD56DK4J54;
				INFOPLIST_FILE = SunXp_InkeUITests/Info.plist;
				LD_RUNPATH_SEARCH_PATHS = (
					"$(inherited)",
					"@executable_path/Frameworks",
					"@loader_path/Frameworks",
				);
				PRODUCT_BUNDLE_IDENTIFIER = "SunXp.SunXp-InkeUITests";
				PRODUCT_NAME = "$(TARGET_NAME)";
				TARGETED_DEVICE_FAMILY = "1,2";
				TEST_TARGET_NAME = SunXp_Inke;
			};
			name = Release;
		};
/* End XCBuildConfiguration section */

/* Begin XCConfigurationList section */
		DF606D522081D5CE005F450B /* Build configuration list for PBXProject "SunXp_Inke" */ = {
			isa = XCConfigurationList;
			buildConfigurations = (
				DF606D7B2081D5D0005F450B /* Debug */,
				DF606D7C2081D5D0005F450B /* Release */,
			);
			defaultConfigurationIsVisible = 0;
			defaultConfigurationName = Release;
		};
		DF606D7D2081D5D0005F450B /* Build configuration list for PBXNativeTarget "SunXp_Inke" */ = {
			isa = XCConfigurationList;
			buildConfigurations = (
				DF606D7E2081D5D0005F450B /* Debug */,
				DF606D7F2081D5D0005F450B /* Release */,
			);
			defaultConfigurationIsVisible = 0;
			defaultConfigurationName = Release;
		};
		DF606D802081D5D0005F450B /* Build configuration list for PBXNativeTarget "SunXp_InkeTests" */ = {
			isa = XCConfigurationList;
			buildConfigurations = (
				DF606D812081D5D0005F450B /* Debug */,
				DF606D822081D5D0005F450B /* Release */,
			);
			defaultConfigurationIsVisible = 0;
			defaultConfigurationName = Release;
		};
		DF606D832081D5D0005F450B /* Build configuration list for PBXNativeTarget "SunXp_InkeUITests" */ = {
			isa = XCConfigurationList;
			buildConfigurations = (
				DF606D842081D5D0005F450B /* Debug */,
				DF606D852081D5D0005F450B /* Release */,
			);
			defaultConfigurationIsVisible = 0;
			defaultConfigurationName = Release;
		};
/* End XCConfigurationList section */
	};
	rootObject = DF606D4F2081D5CE005F450B /* Project object */;
}
